
Microsoft Visual Studio Solution File, Format Version 12.00
# Visual Studio 15
VisualStudioVersion = 15.0.27004.2002
MinimumVisualStudioVersion = 10.0.40219.1
Project("{FAE04EC0-301F-11D3-BF4B-00C04F79EFBC}") = "Framework", "Framework\Framework.csproj", "{050D2CCC-8150-4E9D-B7AB-33ED8AE86C46}"
EndProject
Project("{FAE04EC0-301F-11D3-BF4B-00C04F79EFBC}") = "Framework.Tests", "Framework.Tests\Framework.Tests.csproj", "{B2174E1D-EC85-4CF8-A054-71D3EB8F005D}"
EndProject
Project("{FAE04EC0-301F-11D3-BF4B-00C04F79EFBC}") = "SystemStartUp", "SystemStartUp\SystemStartUp.csproj", "{9B511E60-4EE8-4846-9C01-5723675A69F8}"
EndProject
Project("{2150E333-8FDC-42A3-9474-1A3956D46DE8}") = "FrameworkTests", "FrameworkTests", "{330D7F38-D8FA-4796-9906-71EC2A0BEFF7}"
EndProject
Project("{FAE04EC0-301F-11D3-BF4B-00C04F79EFBC}") = "SystemStartUp.Tests", "SystemStartUp.Tests\SystemStartUp.Tests.csproj", "{FF964338-A4B2-4301-A739-6FBCB5F23DC3}"
EndProject
Project("{FAE04EC0-301F-11D3-BF4B-00C04F79EFBC}") = "Framework.Data", "Framework.Data\Framework.Data.csproj", "{D03231A9-B474-48F2-9799-1429564E026E}"
EndProject
Project("{FAE04EC0-301F-11D3-BF4B-00C04F79EFBC}") = "DBORM", "DBORM\DBORM.csproj", "{AE4BADB2-CB82-47AF-8EB8-940C3907C2C2}"
EndProject
Global
	GlobalSection(SolutionConfigurationPlatforms) = preSolution
		Debug|Any CPU = Debug|Any CPU
		Release|Any CPU = Release|Any CPU
	EndGlobalSection
	GlobalSection(ProjectConfigurationPlatforms) = postSolution
		{050D2CCC-8150-4E9D-B7AB-33ED8AE86C46}.Debug|Any CPU.ActiveCfg = Debug|Any CPU
		{050D2CCC-8150-4E9D-B7AB-33ED8AE86C46}.Debug|Any CPU.Build.0 = Debug|Any CPU
		{050D2CCC-8150-4E9D-B7AB-33ED8AE86C46}.Release|Any CPU.ActiveCfg = Release|Any CPU
		{050D2CCC-8150-4E9D-B7AB-33ED8AE86C46}.Release|Any CPU.Build.0 = Release|Any CPU
		{B2174E1D-EC85-4CF8-A054-71D3EB8F005D}.Debug|Any CPU.ActiveCfg = Debug|Any CPU
		{B2174E1D-EC85-4CF8-A054-71D3EB8F005D}.Debug|Any CPU.Build.0 = Debug|Any CPU
		{B2174E1D-EC85-4CF8-A054-71D3EB8F005D}.Release|Any CPU.ActiveCfg = Release|Any CPU
		{B2174E1D-EC85-4CF8-A054-71D3EB8F005D}.Release|Any CPU.Build.0 = Release|Any CPU
		{9B511E60-4EE8-4846-9C01-5723675A69F8}.Debug|Any CPU.ActiveCfg = Debug|Any CPU
		{9B511E60-4EE8-4846-9C01-5723675A69F8}.Debug|Any CPU.Build.0 = Debug|Any CPU
		{9B511E60-4EE8-4846-9C01-5723675A69F8}.Release|Any CPU.ActiveCfg = Release|Any CPU
		{9B511E60-4EE8-4846-9C01-5723675A69F8}.Release|Any CPU.Build.0 = Release|Any CPU
		{FF964338-A4B2-4301-A739-6FBCB5F23DC3}.Debug|Any CPU.ActiveCfg = Debug|Any CPU
		{FF964338-A4B2-4301-A739-6FBCB5F23DC3}.Debug|Any CPU.Build.0 = Debug|Any CPU
		{FF964338-A4B2-4301-A739-6FBCB5F23DC3}.Release|Any CPU.ActiveCfg = Release|Any CPU
		{FF964338-A4B2-4301-A739-6FBCB5F23DC3}.Release|Any CPU.Build.0 = Release|Any CPU
		{D03231A9-B474-48F2-9799-1429564E026E}.Debug|Any CPU.ActiveCfg = Debug|Any CPU
		{D03231A9-B474-48F2-9799-1429564E026E}.Debug|Any CPU.Build.0 = Debug|Any CPU
		{D03231A9-B474-48F2-9799-1429564E026E}.Release|Any CPU.ActiveCfg = Release|Any CPU
		{D03231A9-B474-48F2-9799-1429564E026E}.Release|Any CPU.Build.0 = Release|Any CPU
		{AE4BADB2-CB82-47AF-8EB8-940C3907C2C2}.Debug|Any CPU.ActiveCfg = Debug|Any CPU
		{AE4BADB2-CB82-47AF-8EB8-940C3907C2C2}.Debug|Any CPU.Build.0 = Debug|Any CPU
		{AE4BADB2-CB82-47AF-8EB8-940C3907C2C2}.Release|Any CPU.ActiveCfg = Release|Any CPU
		{AE4BADB2-CB82-47AF-8EB8-940C3907C2C2}.Release|Any CPU.Build.0 = Release|Any CPU
	EndGlobalSection
	GlobalSection(SolutionProperties) = preSolution
		HideSolutionNode = FALSE
	EndGlobalSection
	GlobalSection(NestedProjects) = preSolution
		{B2174E1D-EC85-4CF8-A054-71D3EB8F005D} = {330D7F38-D8FA-4796-9906-71EC2A0BEFF7}
		{FF964338-A4B2-4301-A739-6FBCB5F23DC3} = {330D7F38-D8FA-4796-9906-71EC2A0BEFF7}
	EndGlobalSection
	GlobalSection(ExtensibilityGlobals) = postSolution
		SolutionGuid = {FA32439A-0053-4E89-8608-172CD4088904}
	EndGlobalSection
EndGlobal
